Microsoft Visual Studio Solution File, Format Version 8.00
Project("{8BC9CEB8-8B4A-11D0-8D11-00A0C91BC942}") = "MUpdate", "MUpdate.vcproj", "{FFC78AB7-1616-4831-A427-C8774D581097}"
	ProjectSection(ProjectDependencies) = postProject
	EndProjectSection
EndProject
Global
	GlobalSection(SolutionConfiguration) = preSolution
		Debug = Debug
		Release = Release
	EndGlobalSection
	GlobalSection(ProjectConfiguration) = postSolution
		{FFC78AB7-1616-4831-A427-C8774D581097}.Debug.ActiveCfg = Debug|Win32
		{FFC78AB7-1616-4831-A427-C8774D581097}.Debug.Build.0 = Debug|Win32
		{FFC78AB7-1616-4831-A427-C8774D581097}.Release.ActiveCfg = Release|Win32
		{FFC78AB7-1616-4831-A427-C8774D581097}.Release.Build.0 = Release|Win32
	EndGlobalSection
	GlobalSection(ExtensibilityGlobals) = postSolution
	EndGlobalSection
	GlobalSection(ExtensibilityAddIns) = postSolution
	EndGlobalSection
EndGlobal
